
Microsoft Visual Studio Solution File, Format Version 12.00
# Visual Studio Version 17
VisualStudioVersion = 17.6.33723.286
MinimumVisualStudioVersion = 10.0.40219.1
Project("{FAE04EC0-301F-11D3-BF4B-00C04F79EFBC}") = "demo_1", "new project\demo_1.csproj", "{A33B2FB2-F3F8-4FAC-A90C-77BD9960158C}"
EndProject
Global
	GlobalSection(SolutionConfigurationPlatforms) = preSolution
		Debug|Any CPU = Debug|Any CPU
		Release|Any CPU = Release|Any CPU
	EndGlobalSection
	GlobalSection(ProjectConfigurationPlatforms) = postSolution
		{A33B2FB2-F3F8-4FAC-A90C-77BD9960158C}.Debug|Any CPU.ActiveCfg = Debug|Any CPU
		{A33B2FB2-F3F8-4FAC-A90C-77BD9960158C}.Debug|Any CPU.Build.0 = Debug|Any CPU
		{A33B2FB2-F3F8-4FAC-A90C-77BD9960158C}.Release|Any CPU.ActiveCfg = Release|Any CPU
		{A33B2FB2-F3F8-4FAC-A90C-77BD9960158C}.Release|Any CPU.Build.0 = Release|Any CPU
	EndGlobalSection
	GlobalSection(SolutionProperties) = preSolution
		HideSolutionNode = FALSE
	EndGlobalSection
	GlobalSection(ExtensibilityGlobals) = postSolution
		SolutionGuid = {40754175-EC0F-455E-97D9-B165B839CC38}
	EndGlobalSection
EndGlobal
